// !$*UTF8*$!
{
	archiveVersion = 1;
	classes = {
	};
	objectVersion = 46;
	objects = {

/* Begin PBXBuildFile section */
		F35CB43519AE67C6005B0096 /* Foundation.framework in Frameworks */ = {isa = PBXBuildFile; fileRef = F35CB43419AE67C6005B0096 /* Foundation.framework */; };
		F35CB43719AE67C6005B0096 /* CoreGraphics.framework in Frameworks */ = {isa = PBXBuildFile; fileRef = F35CB43619AE67C6005B0096 /* CoreGraphics.framework */; };
		F35CB43919AE67C6005B0096 /* UIKit.framework in Frameworks */ = {isa = PBXBuildFile; fileRef = F35CB43819AE67C6005B0096 /* UIKit.framework */; };
		F35CB43F19AE67C6005B0096 /* InfoPlist.strings in Resources */ = {isa = PBXBuildFile; fileRef = F35CB43D19AE67C6005B0096 /* InfoPlist.strings */; };
		F35CB44119AE67C6005B0096 /* main.m in Sources */ = {isa = PBXBuildFile; fileRef = F35CB44019AE67C6005B0096 /* main.m */; };
		F35CB44519AE67C6005B0096 /* AppDelegate.m in Sources */ = {isa = PBXBuildFile; fileRef = F35CB44419AE67C6005B0096 /* AppDelegate.m */; };
		F35CB44819AE67C6005B0096 /* Main.storyboard in Resources */ = {isa = PBXBuildFile; fileRef = F35CB44619AE67C6005B0096 /* Main.storyboard */; };
		F35CB44D19AE67C6005B0096 /* Images.xcassets in Resources */ = {isa = PBXBuildFile; fileRef = F35CB44C19AE67C6005B0096 /* Images.xcassets */; };
		F35CB45419AE67C6005B0096 /* XCTest.framework in Frameworks */ = {isa = PBXBuildFile; fileRef = F35CB45319AE67C6005B0096 /* XCTest.framework */; };
		F35CB45519AE67C6005B0096 /* Foundation.framework in Frameworks */ = {isa = PBXBuildFile; fileRef = F35CB43419AE67C6005B0096 /* Foundation.framework */; };
		F35CB45619AE67C6005B0096 /* UIKit.framework in Frameworks */ = {isa = PBXBuildFile; fileRef = F35CB43819AE67C6005B0096 /* UIKit.framework */; };
		F35CB45E19AE67C6005B0096 /* InfoPlist.strings in Resources */ = {isa = PBXBuildFile; fileRef = F35CB45C19AE67C6005B0096 /* InfoPlist.strings */; };
		F35CB46019AE67C6005B0096 /* PDFViewerSampleTests.m in Sources */ = {isa = PBXBuildFile; fileRef = F35CB45F19AE67C6005B0096 /* PDFViewerSampleTests.m */; };
		F35CB46B19AE696D005B0096 /* PDFScrollView.m in Sources */ = {isa = PBXBuildFile; fileRef = F35CB46A19AE696D005B0096 /* PDFScrollView.m */; };
		F35CB46E19AE699D005B0096 /* TiledPDFView.m in Sources */ = {isa = PBXBuildFile; fileRef = F35CB46D19AE699D005B0096 /* TiledPDFView.m */; };
		F35CB47019AE69C5005B0096 /* D50.pdf in Resources */ = {isa = PBXBuildFile; fileRef = F35CB46F19AE69C5005B0096 /* D50.pdf */; };
		F35CB47319AE6B5E005B0096 /* PDFViewController.m in Sources */ = {isa = PBXBuildFile; fileRef = F35CB47219AE6B5E005B0096 /* PDFViewController.m */; };
		F35CB47719AE7EBE005B0096 /* D49.pdf in Resources */ = {isa = PBXBuildFile; fileRef = F35CB47419AE7EBE005B0096 /* D49.pdf */; };
		F35CB47819AE7EBE005B0096 /* D52.pdf in Resources */ = {isa = PBXBuildFile; fileRef = F35CB47519AE7EBE005B0096 /* D52.pdf */; };
		F35CB47919AE7EBE005B0096 /* D53.pdf in Resources */ = {isa = PBXBuildFile; fileRef = F35CB47619AE7EBE005B0096 /* D53.pdf */; };
/* End PBXBuildFile section */

/* Begin PBXContainerItemProxy section */
		F35CB45719AE67C6005B0096 /* PBXContainerItemProxy */ = {
			isa = PBXContainerItemProxy;
			containerPortal = F35CB42919AE67C6005B0096 /* Project object */;
			proxyType = 1;
			remoteGlobalIDString = F35CB43019AE67C6005B0096;
			remoteInfo = PDFViewerSample;
		};
/* End PBXContainerItemProxy section */

/* Begin PBXFileReference section */
		F35CB43119AE67C6005B0096 /* PDFViewerSample.app */ = {isa = PBXFileReference; explicitFileType = wrapper.application; includeInIndex = 0; path = PDFViewerSample.app; sourceTree = BUILT_PRODUCTS_DIR; };
		F35CB43419AE67C6005B0096 /* Foundation.framework */ = {isa = PBXFileReference; lastKnownFileType = wrapper.framework; name = Foundation.framework; path = System/Library/Frameworks/Foundation.framework; sourceTree = SDKROOT; };
		F35CB43619AE67C6005B0096 /* CoreGraphics.framework */ = {isa = PBXFileReference; lastKnownFileType = wrapper.framework; name = CoreGraphics.framework; path = System/Library/Frameworks/CoreGraphics.framework; sourceTree = SDKROOT; };
		F35CB43819AE67C6005B0096 /* UIKit.framework */ = {isa = PBXFileReference; lastKnownFileType = wrapper.framework; name = UIKit.framework; path = System/Library/Frameworks/UIKit.framework; sourceTree = SDKROOT; };
		F35CB43C19AE67C6005B0096 /* PDFViewerSample-Info.plist */ = {isa = PBXFileReference; lastKnownFileType = text.plist.xml; path = "PDFViewerSample-Info.plist"; sourceTree = "<group>"; };
		F35CB43E19AE67C6005B0096 /* en */ = {isa = PBXFileReference; lastKnownFileType = text.plist.strings; name = en; path = en.lproj/InfoPlist.strings; sourceTree = "<group>"; };
		F35CB44019AE67C6005B0096 /* main.m */ = {isa = PBXFileReference; lastKnownFileType = sourcecode.c.objc; path = main.m; sourceTree = "<group>"; };
		F35CB44219AE67C6005B0096 /* PDFViewerSample-Prefix.pch */ = {isa = PBXFileReference; lastKnownFileType = sourcecode.c.h; path = "PDFViewerSample-Prefix.pch"; sourceTree = "<group>"; };
		F35CB44319AE67C6005B0096 /* AppDelegate.h */ = {isa = PBXFileReference; lastKnownFileType = sourcecode.c.h; path = AppDelegate.h; sourceTree = "<group>"; };
		F35CB44419AE67C6005B0096 /* AppDelegate.m */ = {isa = PBXFileReference; lastKnownFileType = sourcecode.c.objc; path = AppDelegate.m; sourceTree = "<group>"; };
		F35CB44719AE67C6005B0096 /* Base */ = {isa = PBXFileReference; lastKnownFileType = file.storyboard; name = Base; path = Base.lproj/Main.storyboard; sourceTree = "<group>"; };
		F35CB44C19AE67C6005B0096 /* Images.xcassets */ = {isa = PBXFileReference; lastKnownFileType = folder.assetcatalog; path = Images.xcassets; sourceTree = "<group>"; };
		F35CB45219AE67C6005B0096 /* PDFViewerSampleTests.xctest */ = {isa = PBXFileReference; explicitFileType = wrapper.cfbundle; includeInIndex = 0; path = PDFViewerSampleTests.xctest; sourceTree = BUILT_PRODUCTS_DIR; };
		F35CB45319AE67C6005B0096 /* XCTest.framework */ = {isa = PBXFileReference; lastKnownFileType = wrapper.framework; name = XCTest.framework; path = Library/Frameworks/XCTest.framework; sourceTree = DEVELOPER_DIR; };
		F35CB45B19AE67C6005B0096 /* PDFViewerSampleTests-Info.plist */ = {isa = PBXFileReference; lastKnownFileType = text.plist.xml; path = "PDFViewerSampleTests-Info.plist"; sourceTree = "<group>"; };
		F35CB45D19AE67C6005B0096 /* en */ = {isa = PBXFileReference; lastKnownFileType = text.plist.strings; name = en; path = en.lproj/InfoPlist.strings; sourceTree = "<group>"; };
		F35CB45F19AE67C6005B0096 /* PDFViewerSampleTests.m */ = {isa = PBXFileReference; lastKnownFileType = sourcecode.c.objc; path = PDFViewerSampleTests.m; sourceTree = "<group>"; };
		F35CB46919AE696D005B0096 /* PDFScrollView.h */ = {isa = PBXFileReference; fileEncoding = 4; lastKnownFileType = sourcecode.c.h; path = PDFScrollView.h; sourceTree = "<group>"; };
		F35CB46A19AE696D005B0096 /* PDFScrollView.m */ = {isa = PBXFileReference; fileEncoding = 4; lastKnownFileType = sourcecode.c.objc; path = PDFScrollView.m; sourceTree = "<group>"; };
		F35CB46C19AE699D005B0096 /* TiledPDFView.h */ = {isa = PBXFileReference; fileEncoding = 4; lastKnownFileType = sourcecode.c.h; path = TiledPDFView.h; sourceTree = "<group>"; };
		F35CB46D19AE699D005B0096 /* TiledPDFView.m */ = {isa = PBXFileReference; fileEncoding = 4; lastKnownFileType = sourcecode.c.objc; path = TiledPDFView.m; sourceTree = "<group>"; };
		F35CB46F19AE69C5005B0096 /* D50.pdf */ = {isa = PBXFileReference; lastKnownFileType = image.pdf; path = D50.pdf; sourceTree = "<group>"; };
		F35CB47119AE6B5E005B0096 /* PDFViewController.h */ = {isa = PBXFileReference; fileEncoding = 4; lastKnownFileType = sourcecode.c.h; name = PDFViewController.h; path = ../PDFViewController.h; sourceTree = "<group>"; };
		F35CB47219AE6B5E005B0096 /* PDFViewController.m */ = {isa = PBXFileReference; fileEncoding = 4; lastKnownFileType = sourcecode.c.objc; name = PDFViewController.m; path = ../PDFViewController.m; sourceTree = "<group>"; };
		F35CB47419AE7EBE005B0096 /* D49.pdf */ = {isa = PBXFileReference; lastKnownFileType = image.pdf; path = D49.pdf; sourceTree = "<group>"; };
		F35CB47519AE7EBE005B0096 /* D52.pdf */ = {isa = PBXFileReference; lastKnownFileType = image.pdf; path = D52.pdf; sourceTree = "<group>"; };
		F35CB47619AE7EBE005B0096 /* D53.pdf */ = {isa = PBXFileReference; lastKnownFileType = image.pdf; path = D53.pdf; sourceTree = "<group>"; };
/* End PBXFileReference section */

/* Begin PBXFrameworksBuildPhase section */
		F35CB42E19AE67C6005B0096 /* Frameworks */ = {
			isa = PBXFrameworksBuildPhase;
			buildActionMask = 2147483647;
			files = (
				F35CB43719AE67C6005B0096 /* CoreGraphics.framework in Frameworks */,
				F35CB43919AE67C6005B0096 /* UIKit.framework in Frameworks */,
				F35CB43519AE67C6005B0096 /* Foundation.framework in Frameworks */,
			);
			runOnlyForDeploymentPostprocessing = 0;
		};
		F35CB44F19AE67C6005B0096 /* Frameworks */ = {
			isa = PBXFrameworksBuildPhase;
			buildActionMask = 2147483647;
			files = (
				F35CB45419AE67C6005B0096 /* XCTest.framework in Frameworks */,
				F35CB45619AE67C6005B0096 /* UIKit.framework in Frameworks */,
				F35CB45519AE67C6005B0096 /* Foundation.framework in Frameworks */,
			);
			runOnlyForDeploymentPostprocessing = 0;
		};
/* End PBXFrameworksBuildPhase section */

/* Begin PBXGroup section */
		F35CB42819AE67C6005B0096 = {
			isa = PBXGroup;
			children = (
				F35CB43A19AE67C6005B0096 /* PDFViewerSample */,
				F35CB45919AE67C6005B0096 /* PDFViewerSampleTests */,
				F35CB43319AE67C6005B0096 /* Frameworks */,
				F35CB43219AE67C6005B0096 /* Products */,
			);
			sourceTree = "<group>";
		};
		F35CB43219AE67C6005B0096 /* Products */ = {
			isa = PBXGroup;
			children = (
				F35CB43119AE67C6005B0096 /* PDFViewerSample.app */,
				F35CB45219AE67C6005B0096 /* PDFViewerSampleTests.xctest */,
			);
			name = Products;
			sourceTree = "<group>";
		};
		F35CB43319AE67C6005B0096 /* Frameworks */ = {
			isa = PBXGroup;
			children = (
				F35CB43419AE67C6005B0096 /* Foundation.framework */,
				F35CB43619AE67C6005B0096 /* CoreGraphics.framework */,
				F35CB43819AE67C6005B0096 /* UIKit.framework */,
				F35CB45319AE67C6005B0096 /* XCTest.framework */,
			);
			name = Frameworks;
			sourceTree = "<group>";
		};
		F35CB43A19AE67C6005B0096 /* PDFViewerSample */ = {
			isa = PBXGroup;
			children = (
				F35CB44319AE67C6005B0096 /* AppDelegate.h */,
				F35CB44419AE67C6005B0096 /* AppDelegate.m */,
				F35CB44619AE67C6005B0096 /* Main.storyboard */,
				F35CB47119AE6B5E005B0096 /* PDFViewController.h */,
				F35CB47219AE6B5E005B0096 /* PDFViewController.m */,
				F35CB46919AE696D005B0096 /* PDFScrollView.h */,
				F35CB46A19AE696D005B0096 /* PDFScrollView.m */,
				F35CB46C19AE699D005B0096 /* TiledPDFView.h */,
				F35CB46D19AE699D005B0096 /* TiledPDFView.m */,
				F35CB46F19AE69C5005B0096 /* D50.pdf */,
				F35CB47419AE7EBE005B0096 /* D49.pdf */,
				F35CB47519AE7EBE005B0096 /* D52.pdf */,
				F35CB47619AE7EBE005B0096 /* D53.pdf */,
				F35CB44C19AE67C6005B0096 /* Images.xcassets */,
				F35CB43B19AE67C6005B0096 /* Supporting Files */,
			);
			path = PDFViewerSample;
			sourceTree = "<group>";
		};
		F35CB43B19AE67C6005B0096 /* Supporting Files */ = {
			isa = PBXGroup;
			children = (
				F35CB43C19AE67C6005B0096 /* PDFViewerSample-Info.plist */,
				F35CB43D19AE67C6005B0096 /* InfoPlist.strings */,
				F35CB44019AE67C6005B0096 /* main.m */,
				F35CB44219AE67C6005B0096 /* PDFViewerSample-Prefix.pch */,
			);
			name = "Supporting Files";
			sourceTree = "<group>";
		};
		F35CB45919AE67C6005B0096 /* PDFViewerSampleTests */ = {
			isa = PBXGroup;
			children = (
				F35CB45F19AE67C6005B0096 /* PDFViewerSampleTests.m */,
				F35CB45A19AE67C6005B0096 /* Supporting Files */,
			);
			path = PDFViewerSampleTests;
			sourceTree = "<group>";
		};
		F35CB45A19AE67C6005B0096 /* Supporting Files */ = {
			isa = PBXGroup;
			children = (
				F35CB45B19AE67C6005B0096 /* PDFViewerSampleTests-Info.plist */,
				F35CB45C19AE67C6005B0096 /* InfoPlist.strings */,
			);
			name = "Supporting Files";
			sourceTree = "<group>";
		};
/* End PBXGroup section */

/* Begin PBXNativeTarget section */
		F35CB43019AE67C6005B0096 /* PDFViewerSample */ = {
			isa = PBXNativeTarget;
			buildConfigurationList = F35CB46319AE67C6005B0096 /* Build configuration list for PBXNativeTarget "PDFViewerSample" */;
			buildPhases = (
				F35CB42D19AE67C6005B0096 /* Sources */,
				F35CB42E19AE67C6005B0096 /* Frameworks */,
				F35CB42F19AE67C6005B0096 /* Resources */,
			);
			buildRules = (
			);
			dependencies = (
			);
			name = PDFViewerSample;
			productName = PDFViewerSample;
			productReference = F35CB43119AE67C6005B0096 /* PDFViewerSample.app */;
			productType = "com.apple.product-type.application";
		};
		F35CB45119AE67C6005B0096 /* PDFViewerSampleTests */ = {
			isa = PBXNativeTarget;
			buildConfigurationList = F35CB46619AE67C6005B0096 /* Build configuration list for PBXNativeTarget "PDFViewerSampleTests" */;
			buildPhases = (
				F35CB44E19AE67C6005B0096 /* Sources */,
				F35CB44F19AE67C6005B0096 /* Frameworks */,
				F35CB45019AE67C6005B0096 /* Resources */,
			);
			buildRules = (
			);
			dependencies = (
				F35CB45819AE67C6005B0096 /* PBXTargetDependency */,
			);
			name = PDFViewerSampleTests;
			productName = PDFViewerSampleTests;
			productReference = F35CB45219AE67C6005B0096 /* PDFViewerSampleTests.xctest */;
			productType = "com.apple.product-type.bundle.unit-test";
		};
/* End PBXNativeTarget section */

/* Begin PBXProject section */
		F35CB42919AE67C6005B0096 /* Project object */ = {
			isa = PBXProject;
			attributes = {
				LastUpgradeCheck = 0510;
				ORGANIZATIONNAME = "Dacio Leal Rodriguez";
				TargetAttributes = {
					F35CB45119AE67C6005B0096 = {
						TestTargetID = F35CB43019AE67C6005B0096;
					};
				};
			};
			buildConfigurationList = F35CB42C19AE67C6005B0096 /* Build configuration list for PBXProject "PDFViewerSample" */;
			compatibilityVersion = "Xcode 3.2";
			developmentRegion = English;
			hasScannedForEncodings = 0;
			knownRegions = (
				en,
				Base,
			);
			mainGroup = F35CB42819AE67C6005B0096;
			productRefGroup = F35CB43219AE67C6005B0096 /* Products */;
			projectDirPath = "";
			projectRoot = "";
			targets = (
				F35CB43019AE67C6005B0096 /* PDFViewerSample */,
				F35CB45119AE67C6005B0096 /* PDFViewerSampleTests */,
			);
		};
/* End PBXProject section */

/* Begin PBXResourcesBuildPhase section */
		F35CB42F19AE67C6005B0096 /* Resources */ = {
			isa = PBXResourcesBuildPhase;
			buildActionMask = 2147483647;
			files = (
				F35CB47819AE7EBE005B0096 /* D52.pdf in Resources */,
				F35CB47019AE69C5005B0096 /* D50.pdf in Resources */,
				F35CB47919AE7EBE005B0096 /* D53.pdf in Resources */,
				F35CB44D19AE67C6005B0096 /* Images.xcassets in Resources */,
				F35CB43F19AE67C6005B0096 /* InfoPlist.strings in Resources */,
				F35CB44819AE67C6005B0096 /* Main.storyboard in Resources */,
				F35CB47719AE7EBE005B0096 /* D49.pdf in Resources */,
			);
			runOnlyForDeploymentPostprocessing = 0;
		};
		F35CB45019AE67C6005B0096 /* Resources */ = {
			isa = PBXResourcesBuildPhase;
			buildActionMask = 2147483647;
			files = (
				F35CB45E19AE67C6005B0096 /* InfoPlist.strings in Resources */,
			);
			runOnlyForDeploymentPostprocessing = 0;
		};
/* End PBXResourcesBuildPhase section */

/* Begin PBXSourcesBuildPhase section */
		F35CB42D19AE67C6005B0096 /* Sources */ = {
			isa = PBXSourcesBuildPhase;
			buildActionMask = 2147483647;
			files = (
				F35CB46E19AE699D005B0096 /* TiledPDFView.m in Sources */,
				F35CB47319AE6B5E005B0096 /* PDFViewController.m in Sources */,
				F35CB44519AE67C6005B0096 /* AppDelegate.m in Sources */,
				F35CB46B19AE696D005B0096 /* PDFScrollView.m in Sources */,
				F35CB44119AE67C6005B0096 /* main.m in Sources */,
			);
			runOnlyForDeploymentPostprocessing = 0;
		};
		F35CB44E19AE67C6005B0096 /* Sources */ = {
			isa = PBXSourcesBuildPhase;
			buildActionMask = 2147483647;
			files = (
				F35CB46019AE67C6005B0096 /* PDFViewerSampleTests.m in Sources */,
			);
			runOnlyForDeploymentPostprocessing = 0;
		};
/* End PBXSourcesBuildPhase section */

/* Begin PBXTargetDependency section */
		F35CB45819AE67C6005B0096 /* PBXTargetDependency */ = {
			isa = PBXTargetDependency;
			target = F35CB43019AE67C6005B0096 /* PDFViewerSample */;
			targetProxy = F35CB45719AE67C6005B0096 /* PBXContainerItemProxy */;
		};
/* End PBXTargetDependency section */

/* Begin PBXVariantGroup section */
		F35CB43D19AE67C6005B0096 /* InfoPlist.strings */ = {
			isa = PBXVariantGroup;
			children = (
				F35CB43E19AE67C6005B0096 /* en */,
			);
			name = InfoPlist.strings;
			sourceTree = "<group>";
		};
		F35CB44619AE67C6005B0096 /* Main.storyboard */ = {
			isa = PBXVariantGroup;
			children = (
				F35CB44719AE67C6005B0096 /* Base */,
			);
			name = Main.storyboard;
			sourceTree = "<group>";
		};
		F35CB45C19AE67C6005B0096 /* InfoPlist.strings */ = {
			isa = PBXVariantGroup;
			children = (
				F35CB45D19AE67C6005B0096 /* en */,
			);
			name = InfoPlist.strings;
			sourceTree = "<group>";
		};
/* End PBXVariantGroup section */

/* Begin XCBuildConfiguration section */
		F35CB46119AE67C6005B0096 /* Debug */ = {
			isa = XCBuildConfiguration;
			buildSettings = {
				ALWAYS_SEARCH_USER_PATHS = NO;
				CLANG_CXX_LANGUAGE_STANDARD = "gnu++0x";
				CLANG_CXX_LIBRARY = "libc++";
				CLANG_ENABLE_MODULES = YES;
				CLANG_ENABLE_OBJC_ARC = YES;
				CLANG_WARN_BOOL_CONVERSION = YES;
				CLANG_WARN_CONSTANT_CONVERSION = YES;
				CLANG_WARN_DIRECT_OBJC_ISA_USAGE = YES_ERROR;
				CLANG_WARN_EMPTY_BODY = YES;
				CLANG_WARN_ENUM_CONVERSION = YES;
				CLANG_WARN_INT_CONVERSION = YES;
				CLANG_WARN_OBJC_ROOT_CLASS = YES_ERROR;
				CLANG_WARN__DUPLICATE_METHOD_MATCH = YES;
				"CODE_SIGN_IDENTITY[sdk=iphoneos*]" = "iPhone Developer";
				COPY_PHASE_STRIP = NO;
				GCC_C_LANGUAGE_STANDARD = gnu99;
				GCC_DYNAMIC_NO_PIC = NO;
				GCC_OPTIMIZATION_LEVEL = 0;
				GCC_PREPROCESSOR_DEFINITIONS = (
					"DEBUG=1",
					"$(inherited)",
				);
				GCC_SYMBOLS_PRIVATE_EXTERN = NO;
				GCC_WARN_64_TO_32_BIT_CONVERSION = YES;
				GCC_WARN_ABOUT_RETURN_TYPE = YES_ERROR;
				GCC_WARN_UNDECLARED_SELECTOR = YES;
				GCC_WARN_UNINITIALIZED_AUTOS = YES_AGGRESSIVE;
				GCC_WARN_UNUSED_FUNCTION = YES;
				GCC_WARN_UNUSED_VARIABLE = YES;
				IPHONEOS_DEPLOYMENT_TARGET = 7.1;
				ONLY_ACTIVE_ARCH = YES;
				SDKROOT = iphoneos;
				TARGETED_DEVICE_FAMILY = 2;
			};
			name = Debug;
		};
		F35CB46219AE67C6005B0096 /* Release */ = {
			isa = XCBuildConfiguration;
			buildSettings = {
				ALWAYS_SEARCH_USER_PATHS = NO;
				CLANG_CXX_LANGUAGE_STANDARD = "gnu++0x";
				CLANG_CXX_LIBRARY = "libc++";
				CLANG_ENABLE_MODULES = YES;
				CLANG_ENABLE_OBJC_ARC = YES;
				CLANG_WARN_BOOL_CONVERSION = YES;
				CLANG_WARN_CONSTANT_CONVERSION = YES;
				CLANG_WARN_DIRECT_OBJC_ISA_USAGE = YES_ERROR;
				CLANG_WARN_EMPTY_BODY = YES;
				CLANG_WARN_ENUM_CONVERSION = YES;
				CLANG_WARN_INT_CONVERSION = YES;
				CLANG_WARN_OBJC_ROOT_CLASS = YES_ERROR;
				CLANG_WARN__DUPLICATE_METHOD_MATCH = YES;
				"CODE_SIGN_IDENTITY[sdk=iphoneos*]" = "iPhone Developer";
				COPY_PHASE_STRIP = YES;
				ENABLE_NS_ASSERTIONS = NO;
				GCC_C_LANGUAGE_STANDARD = gnu99;
				GCC_WARN_64_TO_32_BIT_CONVERSION = YES;
				GCC_WARN_ABOUT_RETURN_TYPE = YES_ERROR;
				GCC_WARN_UNDECLARED_SELECTOR = YES;
				GCC_WARN_UNINITIALIZED_AUTOS = YES_AGGRESSIVE;
				GCC_WARN_UNUSED_FUNCTION = YES;
				GCC_WARN_UNUSED_VARIABLE = YES;
				IPHONEOS_DEPLOYMENT_TARGET = 7.1;
				SDKROOT = iphoneos;
				TARGETED_DEVICE_FAMILY = 2;
				VALIDATE_PRODUCT = YES;
			};
			name = Release;
		};
		F35CB46419AE67C6005B0096 /* Debug */ = {
			isa = XCBuildConfiguration;
			buildSettings = {
				ASSETCATALOG_COMPILER_APPICON_NAME = AppIcon;
				ASSETCATALOG_COMPILER_LAUNCHIMAGE_NAME = LaunchImage;
				GCC_PRECOMPILE_PREFIX_HEADER = YES;
				GCC_PREFIX_HEADER = "PDFViewerSample/PDFViewerSample-Prefix.pch";
				INFOPLIST_FILE = "PDFViewerSample/PDFViewerSample-Info.plist";
				PRODUCT_NAME = "$(TARGET_NAME)";
				WRAPPER_EXTENSION = app;
			};
			name = Debug;
		};
		F35CB46519AE67C6005B0096 /* Release */ = {
			isa = XCBuildConfiguration;
			buildSettings = {
				ASSETCATALOG_COMPILER_APPICON_NAME = AppIcon;
				ASSETCATALOG_COMPILER_LAUNCHIMAGE_NAME = LaunchImage;
				GCC_PRECOMPILE_PREFIX_HEADER = YES;
				GCC_PREFIX_HEADER = "PDFViewerSample/PDFViewerSample-Prefix.pch";
				INFOPLIST_FILE = "PDFViewerSample/PDFViewerSample-Info.plist";
				PRODUCT_NAME = "$(TARGET_NAME)";
				WRAPPER_EXTENSION = app;
			};
			name = Release;
		};
		F35CB46719AE67C6005B0096 /* Debug */ = {
			isa = XCBuildConfiguration;
			buildSettings = {
				BUNDLE_LOADER = "$(BUILT_PRODUCTS_DIR)/PDFViewerSample.app/PDFViewerSample";
				FRAMEWORK_SEARCH_PATHS = (
					"$(SDKROOT)/Developer/Library/Frameworks",
					"$(inherited)",
					"$(DEVELOPER_FRAMEWORKS_DIR)",
				);
				GCC_PRECOMPILE_PREFIX_HEADER = YES;
				GCC_PREFIX_HEADER = "PDFViewerSample/PDFViewerSample-Prefix.pch";
				GCC_PREPROCESSOR_DEFINITIONS = (
					"DEBUG=1",
					"$(inherited)",
				);
				INFOPLIST_FILE = "PDFViewerSampleTests/PDFViewerSampleTests-Info.plist";
				PRODUCT_NAME = "$(TARGET_NAME)";
				TEST_HOST = "$(BUNDLE_LOADER)";
				WRAPPER_EXTENSION = xctest;
			};
			name = Debug;
		};
		F35CB46819AE67C6005B0096 /* Release */ = {
			isa = XCBuildConfiguration;
			buildSettings = {
				BUNDLE_LOADER = "$(BUILT_PRODUCTS_DIR)/PDFViewerSample.app/PDFViewerSample";
				FRAMEWORK_SEARCH_PATHS = (
					"$(SDKROOT)/Developer/Library/Frameworks",
					"$(inherited)",
					"$(DEVELOPER_FRAMEWORKS_DIR)",
				);
				GCC_PRECOMPILE_PREFIX_HEADER = YES;
				GCC_PREFIX_HEADER = "PDFViewerSample/PDFViewerSample-Prefix.pch";
				INFOPLIST_FILE = "PDFViewerSampleTests/PDFViewerSampleTests-Info.plist";
				PRODUCT_NAME = "$(TARGET_NAME)";
				TEST_HOST = "$(BUNDLE_LOADER)";
				WRAPPER_EXTENSION = xctest;
			};
			name = Release;
		};
/* End XCBuildConfiguration section */

/* Begin XCConfigurationList section */
		F35CB42C19AE67C6005B0096 /* Build configuration list for PBXProject "PDFViewerSample" */ = {
			isa = XCConfigurationList;
			buildConfigurations = (
				F35CB46119AE67C6005B0096 /* Debug */,
				F35CB46219AE67C6005B0096 /* Release */,
			);
			defaultConfigurationIsVisible = 0;
			defaultConfigurationName = Release;
		};
		F35CB46319AE67C6005B0096 /* Build configuration list for PBXNativeTarget "PDFViewerSample" */ = {
			isa = XCConfigurationList;
			buildConfigurations = (
				F35CB46419AE67C6005B0096 /* Debug */,
				F35CB46519AE67C6005B0096 /* Release */,
			);
			defaultConfigurationIsVisible = 0;
			defaultConfigurationName = Release;
		};
		F35CB46619AE67C6005B0096 /* Build configuration list for PBXNativeTarget "PDFViewerSampleTests" */ = {
			isa = XCConfigurationList;
			buildConfigurations = (
				F35CB46719AE67C6005B0096 /* Debug */,
				F35CB46819AE67C6005B0096 /* Release */,
			);
			defaultConfigurationIsVisible = 0;
			defaultConfigurationName = Release;
		};
/* End XCConfigurationList section */
	};
	rootObject = F35CB42919AE67C6005B0096 /* Project object */;
}
